
Microsoft Visual Studio Solution File, Format Version 12.00
# Visual Studio 14
VisualStudioVersion = 14.0.24720.0
MinimumVisualStudioVersion = 10.0.40219.1
Project("{F184B08F-C81C-45F6-A57F-5ABD9991F28F}") = "nexIRC", "nexIRC.vbproj", "{72D58ED0-B0F8-48DB-AF6F-62A24788732A}"
EndProject
Project("{FAE04EC0-301F-11D3-BF4B-00C04F79EFBC}") = "nexIRC.Models", "nexIRC.Models\nexIRC.Models.csproj", "{ECF0574D-660F-4B78-9B0D-985429D262E6}"
EndProject
Project("{FAE04EC0-301F-11D3-BF4B-00C04F79EFBC}") = "nexIRC.Enum", "nexIRC.Enum\nexIRC.Enum.csproj", "{F08FEDAC-F91B-443A-8E96-3F3D1CC0F60F}"
EndProject
Project("{FAE04EC0-301F-11D3-BF4B-00C04F79EFBC}") = "nexIRC.Business", "nexIRC.Business\nexIRC.Business.csproj", "{AC5CD421-32DB-41F2-B1AD-DA03477DBC30}"
EndProject
Global
	GlobalSection(SolutionConfigurationPlatforms) = preSolution
		Debug|Any CPU = Debug|Any CPU
		Debug|Mixed Platforms = Debug|Mixed Platforms
		Debug|x86 = Debug|x86
		Release|Any CPU = Release|Any CPU
		Release|Mixed Platforms = Release|Mixed Platforms
		Release|x86 = Release|x86
	EndGlobalSection
	GlobalSection(ProjectConfigurationPlatforms) = postSolution
		{72D58ED0-B0F8-48DB-AF6F-62A24788732A}.Debug|Any CPU.ActiveCfg = Debug|x86
		{72D58ED0-B0F8-48DB-AF6F-62A24788732A}.Debug|Mixed Platforms.ActiveCfg = Debug|x86
		{72D58ED0-B0F8-48DB-AF6F-62A24788732A}.Debug|Mixed Platforms.Build.0 = Debug|x86
		{72D58ED0-B0F8-48DB-AF6F-62A24788732A}.Debug|x86.ActiveCfg = Debug|x86
		{72D58ED0-B0F8-48DB-AF6F-62A24788732A}.Debug|x86.Build.0 = Debug|x86
		{72D58ED0-B0F8-48DB-AF6F-62A24788732A}.Release|Any CPU.ActiveCfg = Release|x86
		{72D58ED0-B0F8-48DB-AF6F-62A24788732A}.Release|Mixed Platforms.ActiveCfg = Release|x86
		{72D58ED0-B0F8-48DB-AF6F-62A24788732A}.Release|Mixed Platforms.Build.0 = Release|x86
		{72D58ED0-B0F8-48DB-AF6F-62A24788732A}.Release|x86.ActiveCfg = Release|x86
		{72D58ED0-B0F8-48DB-AF6F-62A24788732A}.Release|x86.Build.0 = Release|x86
		{ECF0574D-660F-4B78-9B0D-985429D262E6}.Debug|Any CPU.ActiveCfg = Debug|Any CPU
		{ECF0574D-660F-4B78-9B0D-985429D262E6}.Debug|Any CPU.Build.0 = Debug|Any CPU
		{ECF0574D-660F-4B78-9B0D-985429D262E6}.Debug|Mixed Platforms.ActiveCfg = Debug|Any CPU
		{ECF0574D-660F-4B78-9B0D-985429D262E6}.Debug|Mixed Platforms.Build.0 = Debug|Any CPU
		{ECF0574D-660F-4B78-9B0D-985429D262E6}.Debug|x86.ActiveCfg = Debug|Any CPU
		{ECF0574D-660F-4B78-9B0D-985429D262E6}.Debug|x86.Build.0 = Debug|Any CPU
		{ECF0574D-660F-4B78-9B0D-985429D262E6}.Release|Any CPU.ActiveCfg = Release|Any CPU
		{ECF0574D-660F-4B78-9B0D-985429D262E6}.Release|Any CPU.Build.0 = Release|Any CPU
		{ECF0574D-660F-4B78-9B0D-985429D262E6}.Release|Mixed Platforms.ActiveCfg = Release|Any CPU
		{ECF0574D-660F-4B78-9B0D-985429D262E6}.Release|Mixed Platforms.Build.0 = Release|Any CPU
		{ECF0574D-660F-4B78-9B0D-985429D262E6}.Release|x86.ActiveCfg = Release|Any CPU
		{ECF0574D-660F-4B78-9B0D-985429D262E6}.Release|x86.Build.0 = Release|Any CPU
		{F08FEDAC-F91B-443A-8E96-3F3D1CC0F60F}.Debug|Any CPU.ActiveCfg = Debug|Any CPU
		{F08FEDAC-F91B-443A-8E96-3F3D1CC0F60F}.Debug|Any CPU.Build.0 = Debug|Any CPU
		{F08FEDAC-F91B-443A-8E96-3F3D1CC0F60F}.Debug|Mixed Platforms.ActiveCfg = Debug|Any CPU
		{F08FEDAC-F91B-443A-8E96-3F3D1CC0F60F}.Debug|Mixed Platforms.Build.0 = Debug|Any CPU
		{F08FEDAC-F91B-443A-8E96-3F3D1CC0F60F}.Debug|x86.ActiveCfg = Debug|Any CPU
		{F08FEDAC-F91B-443A-8E96-3F3D1CC0F60F}.Debug|x86.Build.0 = Debug|Any CPU
		{F08FEDAC-F91B-443A-8E96-3F3D1CC0F60F}.Release|Any CPU.ActiveCfg = Release|Any CPU
		{F08FEDAC-F91B-443A-8E96-3F3D1CC0F60F}.Release|Any CPU.Build.0 = Release|Any CPU
		{F08FEDAC-F91B-443A-8E96-3F3D1CC0F60F}.Release|Mixed Platforms.ActiveCfg = Release|Any CPU
		{F08FEDAC-F91B-443A-8E96-3F3D1CC0F60F}.Release|Mixed Platforms.Build.0 = Release|Any CPU
		{F08FEDAC-F91B-443A-8E96-3F3D1CC0F60F}.Release|x86.ActiveCfg = Release|Any CPU
		{F08FEDAC-F91B-443A-8E96-3F3D1CC0F60F}.Release|x86.Build.0 = Release|Any CPU
		{AC5CD421-32DB-41F2-B1AD-DA03477DBC30}.Debug|Any CPU.ActiveCfg = Debug|Any CPU
		{AC5CD421-32DB-41F2-B1AD-DA03477DBC30}.Debug|Any CPU.Build.0 = Debug|Any CPU
		{AC5CD421-32DB-41F2-B1AD-DA03477DBC30}.Debug|Mixed Platforms.ActiveCfg = Debug|Any CPU
		{AC5CD421-32DB-41F2-B1AD-DA03477DBC30}.Debug|Mixed Platforms.Build.0 = Debug|Any CPU
		{AC5CD421-32DB-41F2-B1AD-DA03477DBC30}.Debug|x86.ActiveCfg = Debug|Any CPU
		{AC5CD421-32DB-41F2-B1AD-DA03477DBC30}.Debug|x86.Build.0 = Debug|Any CPU
		{AC5CD421-32DB-41F2-B1AD-DA03477DBC30}.Release|Any CPU.ActiveCfg = Release|Any CPU
		{AC5CD421-32DB-41F2-B1AD-DA03477DBC30}.Release|Any CPU.Build.0 = Release|Any CPU
		{AC5CD421-32DB-41F2-B1AD-DA03477DBC30}.Release|Mixed Platforms.ActiveCfg = Release|Any CPU
		{AC5CD421-32DB-41F2-B1AD-DA03477DBC30}.Release|Mixed Platforms.Build.0 = Release|Any CPU
		{AC5CD421-32DB-41F2-B1AD-DA03477DBC30}.Release|x86.ActiveCfg = Release|Any CPU
		{AC5CD421-32DB-41F2-B1AD-DA03477DBC30}.Release|x86.Build.0 = Release|Any CPU
	EndGlobalSection
	GlobalSection(SolutionProperties) = preSolution
		HideSolutionNode = FALSE
	EndGlobalSection
EndGlobal
